// !$*UTF8*$!
{
	archiveVersion = 1;
	classes = {
	};
	objectVersion = 46;
	objects = {

/* Begin PBXBuildFile section */
		944FA11622575A6100A068E8 /* AppDelegate.swift in Sources */ = {isa = PBXBuildFile; fileRef = 944FA11522575A6100A068E8 /* AppDelegate.swift */; };
		944FA11822575A6100A068E8 /* ViewController.swift in Sources */ = {isa = PBXBuildFile; fileRef = 944FA11722575A6100A068E8 /* ViewController.swift */; };
		944FA11B22575A6100A068E8 /* Main.storyboard in Resources */ = {isa = PBXBuildFile; fileRef = 944FA11922575A6100A068E8 /* Main.storyboard */; };
		944FA11D22575A6100A068E8 /* Assets.xcassets in Resources */ = {isa = PBXBuildFile; fileRef = 944FA11C22575A6100A068E8 /* Assets.xcassets */; };
		944FA12022575A6100A068E8 /* LaunchScreen.storyboard in Resources */ = {isa = PBXBuildFile; fileRef = 944FA11E22575A6100A068E8 /* LaunchScreen.storyboard */; };
		944FA12B22575A6100A068E8 /* Working_with_ImagesTests.swift in Sources */ = {isa = PBXBuildFile; fileRef = 944FA12A22575A6100A068E8 /* Working_with_ImagesTests.swift */; };
		944FA13622575A6100A068E8 /* Working_with_ImagesUITests.swift in Sources */ = {isa = PBXBuildFile; fileRef = 944FA13522575A6100A068E8 /* Working_with_ImagesUITests.swift */; };
		944FA14522575B7500A068E8 /* hendrix.jpeg in Resources */ = {isa = PBXBuildFile; fileRef = 944FA14322575B7500A068E8 /* hendrix.jpeg */; };
		944FA14622575B7500A068E8 /* shatner.jpeg in Resources */ = {isa = PBXBuildFile; fileRef = 944FA14422575B7500A068E8 /* shatner.jpeg */; };
/* End PBXBuildFile section */

/* Begin PBXContainerItemProxy section */
		944FA12722575A6100A068E8 /* PBXContainerItemProxy */ = {
			isa = PBXContainerItemProxy;
			containerPortal = 944FA10A22575A6100A068E8 /* Project object */;
			proxyType = 1;
			remoteGlobalIDString = 944FA11122575A6100A068E8;
			remoteInfo = "Working with Images";
		};
		944FA13222575A6100A068E8 /* PBXContainerItemProxy */ = {
			isa = PBXContainerItemProxy;
			containerPortal = 944FA10A22575A6100A068E8 /* Project object */;
			proxyType = 1;
			remoteGlobalIDString = 944FA11122575A6100A068E8;
			remoteInfo = "Working with Images";
		};
/* End PBXContainerItemProxy section */

/* Begin PBXFileReference section */
		944FA11222575A6100A068E8 /* Working with Images.app */ = {isa = PBXFileReference; explicitFileType = wrapper.application; includeInIndex = 0; path = "Working with Images.app"; sourceTree = BUILT_PRODUCTS_DIR; };
		944FA11522575A6100A068E8 /* AppDelegate.swift */ = {isa = PBXFileReference; lastKnownFileType = sourcecode.swift; path = AppDelegate.swift; sourceTree = "<group>"; };
		944FA11722575A6100A068E8 /* ViewController.swift */ = {isa = PBXFileReference; lastKnownFileType = sourcecode.swift; path = ViewController.swift; sourceTree = "<group>"; };
		944FA11A22575A6100A068E8 /* Base */ = {isa = PBXFileReference; lastKnownFileType = file.storyboard; name = Base; path = Base.lproj/Main.storyboard; sourceTree = "<group>"; };
		944FA11C22575A6100A068E8 /* Assets.xcassets */ = {isa = PBXFileReference; lastKnownFileType = folder.assetcatalog; path = Assets.xcassets; sourceTree = "<group>"; };
		944FA11F22575A6100A068E8 /* Base */ = {isa = PBXFileReference; lastKnownFileType = file.storyboard; name = Base; path = Base.lproj/LaunchScreen.storyboard; sourceTree = "<group>"; };
		944FA12122575A6100A068E8 /* Info.plist */ = {isa = PBXFileReference; lastKnownFileType = text.plist.xml; path = Info.plist; sourceTree = "<group>"; };
		944FA12622575A6100A068E8 /* Working with ImagesTests.xctest */ = {isa = PBXFileReference; explicitFileType = wrapper.cfbundle; includeInIndex = 0; path = "Working with ImagesTests.xctest"; sourceTree = BUILT_PRODUCTS_DIR; };
		944FA12A22575A6100A068E8 /* Working_with_ImagesTests.swift */ = {isa = PBXFileReference; lastKnownFileType = sourcecode.swift; path = Working_with_ImagesTests.swift; sourceTree = "<group>"; };
		944FA12C22575A6100A068E8 /* Info.plist */ = {isa = PBXFileReference; lastKnownFileType = text.plist.xml; path = Info.plist; sourceTree = "<group>"; };
		944FA13122575A6100A068E8 /* Working with ImagesUITests.xctest */ = {isa = PBXFileReference; explicitFileType = wrapper.cfbundle; includeInIndex = 0; path = "Working with ImagesUITests.xctest"; sourceTree = BUILT_PRODUCTS_DIR; };
		944FA13522575A6100A068E8 /* Working_with_ImagesUITests.swift */ = {isa = PBXFileReference; lastKnownFileType = sourcecode.swift; path = Working_with_ImagesUITests.swift; sourceTree = "<group>"; };
		944FA13722575A6100A068E8 /* Info.plist */ = {isa = PBXFileReference; lastKnownFileType = text.plist.xml; path = Info.plist; sourceTree = "<group>"; };
		944FA14322575B7500A068E8 /* hendrix.jpeg */ = {isa = PBXFileReference; lastKnownFileType = image.jpeg; path = hendrix.jpeg; sourceTree = SOURCE_ROOT; };
		944FA14422575B7500A068E8 /* shatner.jpeg */ = {isa = PBXFileReference; lastKnownFileType = image.jpeg; path = shatner.jpeg; sourceTree = SOURCE_ROOT; };
/* End PBXFileReference section */

/* Begin PBXFrameworksBuildPhase section */
		944FA10F22575A6100A068E8 /* Frameworks */ = {
			isa = PBXFrameworksBuildPhase;
			buildActionMask = 2147483647;
			files = (
			);
			runOnlyForDeploymentPostprocessing = 0;
		};
		944FA12322575A6100A068E8 /* Frameworks */ = {
			isa = PBXFrameworksBuildPhase;
			buildActionMask = 2147483647;
			files = (
			);
			runOnlyForDeploymentPostprocessing = 0;
		};
		944FA12E22575A6100A068E8 /* Frameworks */ = {
			isa = PBXFrameworksBuildPhase;
			buildActionMask = 2147483647;
			files = (
			);
			runOnlyForDeploymentPostprocessing = 0;
		};
/* End PBXFrameworksBuildPhase section */

/* Begin PBXGroup section */
		944FA10922575A6100A068E8 = {
			isa = PBXGroup;
			children = (
				944FA11422575A6100A068E8 /* Working with Images */,
				944FA12922575A6100A068E8 /* Working with ImagesTests */,
				944FA13422575A6100A068E8 /* Working with ImagesUITests */,
				944FA11322575A6100A068E8 /* Products */,
			);
			sourceTree = "<group>";
		};
		944FA11322575A6100A068E8 /* Products */ = {
			isa = PBXGroup;
			children = (
				944FA11222575A6100A068E8 /* Working with Images.app */,
				944FA12622575A6100A068E8 /* Working with ImagesTests.xctest */,
				944FA13122575A6100A068E8 /* Working with ImagesUITests.xctest */,
			);
			name = Products;
			sourceTree = "<group>";
		};
		944FA11422575A6100A068E8 /* Working with Images */ = {
			isa = PBXGroup;
			children = (
				944FA14322575B7500A068E8 /* hendrix.jpeg */,
				944FA14422575B7500A068E8 /* shatner.jpeg */,
				944FA11522575A6100A068E8 /* AppDelegate.swift */,
				944FA11722575A6100A068E8 /* ViewController.swift */,
				944FA11922575A6100A068E8 /* Main.storyboard */,
				944FA11C22575A6100A068E8 /* Assets.xcassets */,
				944FA11E22575A6100A068E8 /* LaunchScreen.storyboard */,
				944FA12122575A6100A068E8 /* Info.plist */,
			);
			path = "Working with Images";
			sourceTree = "<group>";
		};
		944FA12922575A6100A068E8 /* Working with ImagesTests */ = {
			isa = PBXGroup;
			children = (
				944FA12A22575A6100A068E8 /* Working_with_ImagesTests.swift */,
				944FA12C22575A6100A068E8 /* Info.plist */,
			);
			path = "Working with ImagesTests";
			sourceTree = "<group>";
		};
		944FA13422575A6100A068E8 /* Working with ImagesUITests */ = {
			isa = PBXGroup;
			children = (
				944FA13522575A6100A068E8 /* Working_with_ImagesUITests.swift */,
				944FA13722575A6100A068E8 /* Info.plist */,
			);
			path = "Working with ImagesUITests";
			sourceTree = "<group>";
		};
/* End PBXGroup section */

/* Begin PBXNativeTarget section */
		944FA11122575A6100A068E8 /* Working with Images */ = {
			isa = PBXNativeTarget;
			buildConfigurationList = 944FA13A22575A6100A068E8 /* Build configuration list for PBXNativeTarget "Working with Images" */;
			buildPhases = (
				944FA10E22575A6100A068E8 /* Sources */,
				944FA10F22575A6100A068E8 /* Frameworks */,
				944FA11022575A6100A068E8 /* Resources */,
			);
			buildRules = (
			);
			dependencies = (
			);
			name = "Working with Images";
			productName = "Working with Images";
			productReference = 944FA11222575A6100A068E8 /* Working with Images.app */;
			productType = "com.apple.product-type.application";
		};
		944FA12522575A6100A068E8 /* Working with ImagesTests */ = {
			isa = PBXNativeTarget;
			buildConfigurationList = 944FA13D22575A6100A068E8 /* Build configuration list for PBXNativeTarget "Working with ImagesTests" */;
			buildPhases = (
				944FA12222575A6100A068E8 /* Sources */,
				944FA12322575A6100A068E8 /* Frameworks */,
				944FA12422575A6100A068E8 /* Resources */,
			);
			buildRules = (
			);
			dependencies = (
				944FA12822575A6100A068E8 /* PBXTargetDependency */,
			);
			name = "Working with ImagesTests";
			productName = "Working with ImagesTests";
			productReference = 944FA12622575A6100A068E8 /* Working with ImagesTests.xctest */;
			productType = "com.apple.product-type.bundle.unit-test";
		};
		944FA13022575A6100A068E8 /* Working with ImagesUITests */ = {
			isa = PBXNativeTarget;
			buildConfigurationList = 944FA14022575A6100A068E8 /* Build configuration list for PBXNativeTarget "Working with ImagesUITests" */;
			buildPhases = (
				944FA12D22575A6100A068E8 /* Sources */,
				944FA12E22575A6100A068E8 /* Frameworks */,
				944FA12F22575A6100A068E8 /* Resources */,
			);
			buildRules = (
			);
			dependencies = (
				944FA13322575A6100A068E8 /* PBXTargetDependency */,
			);
			name = "Working with ImagesUITests";
			productName = "Working with ImagesUITests";
			productReference = 944FA13122575A6100A068E8 /* Working with ImagesUITests.xctest */;
			productType = "com.apple.product-type.bundle.ui-testing";
		};
/* End PBXNativeTarget section */

/* Begin PBXProject section */
		944FA10A22575A6100A068E8 /* Project object */ = {
			isa = PBXProject;
			attributes = {
				LastSwiftUpdateCheck = 0830;
				LastUpgradeCheck = 0830;
				ORGANIZATIONNAME = "Peter Jenkin";
				TargetAttributes = {
					944FA11122575A6100A068E8 = {
						CreatedOnToolsVersion = 8.3;
						ProvisioningStyle = Automatic;
					};
					944FA12522575A6100A068E8 = {
						CreatedOnToolsVersion = 8.3;
						ProvisioningStyle = Automatic;
						TestTargetID = 944FA11122575A6100A068E8;
					};
					944FA13022575A6100A068E8 = {
						CreatedOnToolsVersion = 8.3;
						ProvisioningStyle = Automatic;
						TestTargetID = 944FA11122575A6100A068E8;
					};
				};
			};
			buildConfigurationList = 944FA10D22575A6100A068E8 /* Build configuration list for PBXProject "Working with Images" */;
			compatibilityVersion = "Xcode 3.2";
			developmentRegion = English;
			hasScannedForEncodings = 0;
			knownRegions = (
				en,
				Base,
			);
			mainGroup = 944FA10922575A6100A068E8;
			productRefGroup = 944FA11322575A6100A068E8 /* Products */;
			projectDirPath = "";
			projectRoot = "";
			targets = (
				944FA11122575A6100A068E8 /* Working with Images */,
				944FA12522575A6100A068E8 /* Working with ImagesTests */,
				944FA13022575A6100A068E8 /* Working with ImagesUITests */,
			);
		};
/* End PBXProject section */

/* Begin PBXResourcesBuildPhase section */
		944FA11022575A6100A068E8 /* Resources */ = {
			isa = PBXResourcesBuildPhase;
			buildActionMask = 2147483647;
			files = (
				944FA14622575B7500A068E8 /* shatner.jpeg in Resources */,
				944FA12022575A6100A068E8 /* LaunchScreen.storyboard in Resources */,
				944FA11D22575A6100A068E8 /* Assets.xcassets in Resources */,
				944FA14522575B7500A068E8 /* hendrix.jpeg in Resources */,
				944FA11B22575A6100A068E8 /* Main.storyboard in Resources */,
			);
			runOnlyForDeploymentPostprocessing = 0;
		};
		944FA12422575A6100A068E8 /* Resources */ = {
			isa = PBXResourcesBuildPhase;
			buildActionMask = 2147483647;
			files = (
			);
			runOnlyForDeploymentPostprocessing = 0;
		};
		944FA12F22575A6100A068E8 /* Resources */ = {
			isa = PBXResourcesBuildPhase;
			buildActionMask = 2147483647;
			files = (
			);
			runOnlyForDeploymentPostprocessing = 0;
		};
/* End PBXResourcesBuildPhase section */

/* Begin PBXSourcesBuildPhase section */
		944FA10E22575A6100A068E8 /* Sources */ = {
			isa = PBXSourcesBuildPhase;
			buildActionMask = 2147483647;
			files = (
				944FA11822575A6100A068E8 /* ViewController.swift in Sources */,
				944FA11622575A6100A068E8 /* AppDelegate.swift in Sources */,
			);
			runOnlyForDeploymentPostprocessing = 0;
		};
		944FA12222575A6100A068E8 /* Sources */ = {
			isa = PBXSourcesBuildPhase;
			buildActionMask = 2147483647;
			files = (
				944FA12B22575A6100A068E8 /* Working_with_ImagesTests.swift in Sources */,
			);
			runOnlyForDeploymentPostprocessing = 0;
		};
		944FA12D22575A6100A068E8 /* Sources */ = {
			isa = PBXSourcesBuildPhase;
			buildActionMask = 2147483647;
			files = (
				944FA13622575A6100A068E8 /* Working_with_ImagesUITests.swift in Sources */,
			);
			runOnlyForDeploymentPostprocessing = 0;
		};
/* End PBXSourcesBuildPhase section */

/* Begin PBXTargetDependency section */
		944FA12822575A6100A068E8 /* PBXTargetDependency */ = {
			isa = PBXTargetDependency;
			target = 944FA11122575A6100A068E8 /* Working with Images */;
			targetProxy = 944FA12722575A6100A068E8 /* PBXContainerItemProxy */;
		};
		944FA13322575A6100A068E8 /* PBXTargetDependency */ = {
			isa = PBXTargetDependency;
			target = 944FA11122575A6100A068E8 /* Working with Images */;
			targetProxy = 944FA13222575A6100A068E8 /* PBXContainerItemProxy */;
		};
/* End PBXTargetDependency section */

/* Begin PBXVariantGroup section */
		944FA11922575A6100A068E8 /* Main.storyboard */ = {
			isa = PBXVariantGroup;
			children = (
				944FA11A22575A6100A068E8 /* Base */,
			);
			name = Main.storyboard;
			sourceTree = "<group>";
		};
		944FA11E22575A6100A068E8 /* LaunchScreen.storyboard */ = {
			isa = PBXVariantGroup;
			children = (
				944FA11F22575A6100A068E8 /* Base */,
			);
			name = LaunchScreen.storyboard;
			sourceTree = "<group>";
		};
/* End PBXVariantGroup section */

/* Begin XCBuildConfiguration section */
		944FA13822575A6100A068E8 /* Debug */ = {
			isa = XCBuildConfiguration;
			buildSettings = {
				ALWAYS_SEARCH_USER_PATHS = NO;
				CLANG_ANALYZER_NONNULL = YES;
				CLANG_ANALYZER_NUMBER_OBJECT_CONVERSION = YES_AGGRESSIVE;
				CLANG_CXX_LANGUAGE_STANDARD = "gnu++0x";
				CLANG_CXX_LIBRARY = "libc++";
				CLANG_ENABLE_MODULES = YES;
				CLANG_ENABLE_OBJC_ARC = YES;
				CLANG_WARN_BOOL_CONVERSION = YES;
				CLANG_WARN_CONSTANT_CONVERSION = YES;
				CLANG_WARN_DIRECT_OBJC_ISA_USAGE = YES_ERROR;
				CLANG_WARN_DOCUMENTATION_COMMENTS = YES;
				CLANG_WARN_EMPTY_BODY = YES;
				CLANG_WARN_ENUM_CONVERSION = YES;
				CLANG_WARN_INFINITE_RECURSION = YES;
				CLANG_WARN_INT_CONVERSION = YES;
				CLANG_WARN_OBJC_ROOT_CLASS = YES_ERROR;
				CLANG_WARN_SUSPICIOUS_MOVE = YES;
				CLANG_WARN_UNREACHABLE_CODE = YES;
				CLANG_WARN__DUPLICATE_METHOD_MATCH = YES;
				"CODE_SIGN_IDENTITY[sdk=iphoneos*]" = "iPhone Developer";
				COPY_PHASE_STRIP = NO;
				DEBUG_INFORMATION_FORMAT = dwarf;
				ENABLE_STRICT_OBJC_MSGSEND = YES;
				ENABLE_TESTABILITY = YES;
				GCC_C_LANGUAGE_STANDARD = gnu99;
				GCC_DYNAMIC_NO_PIC = NO;
				GCC_NO_COMMON_BLOCKS = YES;
				GCC_OPTIMIZATION_LEVEL = 0;
				GCC_PREPROCESSOR_DEFINITIONS = (
					"DEBUG=1",
					"$(inherited)",
				);
				GCC_WARN_64_TO_32_BIT_CONVERSION = YES;
				GCC_WARN_ABOUT_RETURN_TYPE = YES_ERROR;
				GCC_WARN_UNDECLARED_SELECTOR = YES;
				GCC_WARN_UNINITIALIZED_AUTOS = YES_AGGRESSIVE;
				GCC_WARN_UNUSED_FUNCTION = YES;
				GCC_WARN_UNUSED_VARIABLE = YES;
				IPHONEOS_DEPLOYMENT_TARGET = 10.3;
				MTL_ENABLE_DEBUG_INFO = YES;
				ONLY_ACTIVE_ARCH = YES;
				SDKROOT = iphoneos;
				SWIFT_ACTIVE_COMPILATION_CONDITIONS = DEBUG;
				SWIFT_OPTIMIZATION_LEVEL = "-Onone";
				TARGETED_DEVICE_FAMILY = "1,2";
			};
			name = Debug;
		};
		944FA13922575A6100A068E8 /* Release */ = {
			isa = XCBuildConfiguration;
			buildSettings = {
				ALWAYS_SEARCH_USER_PATHS = NO;
				CLANG_ANALYZER_NONNULL = YES;
				CLANG_ANALYZER_NUMBER_OBJECT_CONVERSION = YES_AGGRESSIVE;
				CLANG_CXX_LANGUAGE_STANDARD = "gnu++0x";
				CLANG_CXX_LIBRARY = "libc++";
				CLANG_ENABLE_MODULES = YES;
				CLANG_ENABLE_OBJC_ARC = YES;
				CLANG_WARN_BOOL_CONVERSION = YES;
				CLANG_WARN_CONSTANT_CONVERSION = YES;
				CLANG_WARN_DIRECT_OBJC_ISA_USAGE = YES_ERROR;
				CLANG_WARN_DOCUMENTATION_COMMENTS = YES;
				CLANG_WARN_EMPTY_BODY = YES;
				CLANG_WARN_ENUM_CONVERSION = YES;
				CLANG_WARN_INFINITE_RECURSION = YES;
				CLANG_WARN_INT_CONVERSION = YES;
				CLANG_WARN_OBJC_ROOT_CLASS = YES_ERROR;
				CLANG_WARN_SUSPICIOUS_MOVE = YES;
				CLANG_WARN_UNREACHABLE_CODE = YES;
				CLANG_WARN__DUPLICATE_METHOD_MATCH = YES;
				"CODE_SIGN_IDENTITY[sdk=iphoneos*]" = "iPhone Developer";
				COPY_PHASE_STRIP = NO;
				DEBUG_INFORMATION_FORMAT = "dwarf-with-dsym";
				ENABLE_NS_ASSERTIONS = NO;
				ENABLE_STRICT_OBJC_MSGSEND = YES;
				GCC_C_LANGUAGE_STANDARD = gnu99;
				GCC_NO_COMMON_BLOCKS = YES;
				GCC_WARN_64_TO_32_BIT_CONVERSION = YES;
				GCC_WARN_ABOUT_RETURN_TYPE = YES_ERROR;
				GCC_WARN_UNDECLARED_SELECTOR = YES;
				GCC_WARN_UNINITIALIZED_AUTOS = YES_AGGRESSIVE;
				GCC_WARN_UNUSED_FUNCTION = YES;
				GCC_WARN_UNUSED_VARIABLE = YES;
				IPHONEOS_DEPLOYMENT_TARGET = 10.3;
				MTL_ENABLE_DEBUG_INFO = NO;
				SDKROOT = iphoneos;
				SWIFT_OPTIMIZATION_LEVEL = "-Owholemodule";
				TARGETED_DEVICE_FAMILY = "1,2";
				VALIDATE_PRODUCT = YES;
			};
			name = Release;
		};
		944FA13B22575A6100A068E8 /* Debug */ = {
			isa = XCBuildConfiguration;
			buildSettings = {
				ASSETCATALOG_COMPILER_APPICON_NAME = AppIcon;
				INFOPLIST_FILE = "Working with Images/Info.plist";
				LD_RUNPATH_SEARCH_PATHS = "$(inherited) @executable_path/Frameworks";
				PRODUCT_BUNDLE_IDENTIFIER = "com.peternjenkin.Working-with-Images";
				PRODUCT_NAME = "$(TARGET_NAME)";
				SWIFT_VERSION = 3.0;
			};
			name = Debug;
		};
		944FA13C22575A6100A068E8 /* Release */ = {
			isa = XCBuildConfiguration;
			buildSettings = {
				ASSETCATALOG_COMPILER_APPICON_NAME = AppIcon;
				INFOPLIST_FILE = "Working with Images/Info.plist";
				LD_RUNPATH_SEARCH_PATHS = "$(inherited) @executable_path/Frameworks";
				PRODUCT_BUNDLE_IDENTIFIER = "com.peternjenkin.Working-with-Images";
				PRODUCT_NAME = "$(TARGET_NAME)";
				SWIFT_VERSION = 3.0;
			};
			name = Release;
		};
		944FA13E22575A6100A068E8 /* Debug */ = {
			isa = XCBuildConfiguration;
			buildSettings = {
				ALWAYS_EMBED_SWIFT_STANDARD_LIBRARIES = YES;
				BUNDLE_LOADER = "$(TEST_HOST)";
				INFOPLIST_FILE = "Working with ImagesTests/Info.plist";
				LD_RUNPATH_SEARCH_PATHS = "$(inherited) @executable_path/Frameworks @loader_path/Frameworks";
				PRODUCT_BUNDLE_IDENTIFIER = "com.peternjenkin.Working-with-ImagesTests";
				PRODUCT_NAME = "$(TARGET_NAME)";
				SWIFT_VERSION = 3.0;
				TEST_HOST = "$(BUILT_PRODUCTS_DIR)/Working with Images.app/Working with Images";
			};
			name = Debug;
		};
		944FA13F22575A6100A068E8 /* Release */ = {
			isa = XCBuildConfiguration;
			buildSettings = {
				ALWAYS_EMBED_SWIFT_STANDARD_LIBRARIES = YES;
				BUNDLE_LOADER = "$(TEST_HOST)";
				INFOPLIST_FILE = "Working with ImagesTests/Info.plist";
				LD_RUNPATH_SEARCH_PATHS = "$(inherited) @executable_path/Frameworks @loader_path/Frameworks";
				PRODUCT_BUNDLE_IDENTIFIER = "com.peternjenkin.Working-with-ImagesTests";
				PRODUCT_NAME = "$(TARGET_NAME)";
				SWIFT_VERSION = 3.0;
				TEST_HOST = "$(BUILT_PRODUCTS_DIR)/Working with Images.app/Working with Images";
			};
			name = Release;
		};
		944FA14122575A6100A068E8 /* Debug */ = {
			isa = XCBuildConfiguration;
			buildSettings = {
				ALWAYS_EMBED_SWIFT_STANDARD_LIBRARIES = YES;
				INFOPLIST_FILE = "Working with ImagesUITests/Info.plist";
				LD_RUNPATH_SEARCH_PATHS = "$(inherited) @executable_path/Frameworks @loader_path/Frameworks";
				PRODUCT_BUNDLE_IDENTIFIER = "com.peternjenkin.Working-with-ImagesUITests";
				PRODUCT_NAME = "$(TARGET_NAME)";
				SWIFT_VERSION = 3.0;
				TEST_TARGET_NAME = "Working with Images";
			};
			name = Debug;
		};
		944FA14222575A6100A068E8 /* Release */ = {
			isa = XCBuildConfiguration;
			buildSettings = {
				ALWAYS_EMBED_SWIFT_STANDARD_LIBRARIES = YES;
				INFOPLIST_FILE = "Working with ImagesUITests/Info.plist";
				LD_RUNPATH_SEARCH_PATHS = "$(inherited) @executable_path/Frameworks @loader_path/Frameworks";
				PRODUCT_BUNDLE_IDENTIFIER = "com.peternjenkin.Working-with-ImagesUITests";
				PRODUCT_NAME = "$(TARGET_NAME)";
				SWIFT_VERSION = 3.0;
				TEST_TARGET_NAME = "Working with Images";
			};
			name = Release;
		};
/* End XCBuildConfiguration section */

/* Begin XCConfigurationList section */
		944FA10D22575A6100A068E8 /* Build configuration list for PBXProject "Working with Images" */ = {
			isa = XCConfigurationList;
			buildConfigurations = (
				944FA13822575A6100A068E8 /* Debug */,
				944FA13922575A6100A068E8 /* Release */,
			);
			defaultConfigurationIsVisible = 0;
			defaultConfigurationName = Release;
		};
		944FA13A22575A6100A068E8 /* Build configuration list for PBXNativeTarget "Working with Images" */ = {
			isa = XCConfigurationList;
			buildConfigurations = (
				944FA13B22575A6100A068E8 /* Debug */,
				944FA13C22575A6100A068E8 /* Release */,
			);
			defaultConfigurationIsVisible = 0;
		};
		944FA13D22575A6100A068E8 /* Build configuration list for PBXNativeTarget "Working with ImagesTests" */ = {
			isa = XCConfigurationList;
			buildConfigurations = (
				944FA13E22575A6100A068E8 /* Debug */,
				944FA13F22575A6100A068E8 /* Release */,
			);
			defaultConfigurationIsVisible = 0;
		};
		944FA14022575A6100A068E8 /* Build configuration list for PBXNativeTarget "Working with ImagesUITests" */ = {
			isa = XCConfigurationList;
			buildConfigurations = (
				944FA14122575A6100A068E8 /* Debug */,
				944FA14222575A6100A068E8 /* Release */,
			);
			defaultConfigurationIsVisible = 0;
		};
/* End XCConfigurationList section */
	};
	rootObject = 944FA10A22575A6100A068E8 /* Project object */;
}
