// !$*UTF8*$!
{
	archiveVersion = 1;
	classes = {
	};
	objectVersion = 46;
	objects = {

/* Begin PBXBuildFile section */
		94A8AF6B2256339B00B2CB18 /* AppDelegate.swift in Sources */ = {isa = PBXBuildFile; fileRef = 94A8AF6A2256339B00B2CB18 /* AppDelegate.swift */; };
		94A8AF6D2256339B00B2CB18 /* ViewController.swift in Sources */ = {isa = PBXBuildFile; fileRef = 94A8AF6C2256339B00B2CB18 /* ViewController.swift */; };
		94A8AF702256339B00B2CB18 /* Main.storyboard in Resources */ = {isa = PBXBuildFile; fileRef = 94A8AF6E2256339B00B2CB18 /* Main.storyboard */; };
		94A8AF722256339B00B2CB18 /* Assets.xcassets in Resources */ = {isa = PBXBuildFile; fileRef = 94A8AF712256339B00B2CB18 /* Assets.xcassets */; };
		94A8AF752256339B00B2CB18 /* LaunchScreen.storyboard in Resources */ = {isa = PBXBuildFile; fileRef = 94A8AF732256339B00B2CB18 /* LaunchScreen.storyboard */; };
		94A8AF802256339B00B2CB18 /* Birthday_Note_TakerTests.swift in Sources */ = {isa = PBXBuildFile; fileRef = 94A8AF7F2256339B00B2CB18 /* Birthday_Note_TakerTests.swift */; };
		94A8AF8B2256339C00B2CB18 /* Birthday_Note_TakerUITests.swift in Sources */ = {isa = PBXBuildFile; fileRef = 94A8AF8A2256339C00B2CB18 /* Birthday_Note_TakerUITests.swift */; };
/* End PBXBuildFile section */

/* Begin PBXContainerItemProxy section */
		94A8AF7C2256339B00B2CB18 /* PBXContainerItemProxy */ = {
			isa = PBXContainerItemProxy;
			containerPortal = 94A8AF5F2256339B00B2CB18 /* Project object */;
			proxyType = 1;
			remoteGlobalIDString = 94A8AF662256339B00B2CB18;
			remoteInfo = "Birthday Note Taker";
		};
		94A8AF872256339C00B2CB18 /* PBXContainerItemProxy */ = {
			isa = PBXContainerItemProxy;
			containerPortal = 94A8AF5F2256339B00B2CB18 /* Project object */;
			proxyType = 1;
			remoteGlobalIDString = 94A8AF662256339B00B2CB18;
			remoteInfo = "Birthday Note Taker";
		};
/* End PBXContainerItemProxy section */

/* Begin PBXFileReference section */
		94A8AF672256339B00B2CB18 /* Birthday Note Taker.app */ = {isa = PBXFileReference; explicitFileType = wrapper.application; includeInIndex = 0; path = "Birthday Note Taker.app"; sourceTree = BUILT_PRODUCTS_DIR; };
		94A8AF6A2256339B00B2CB18 /* AppDelegate.swift */ = {isa = PBXFileReference; lastKnownFileType = sourcecode.swift; path = AppDelegate.swift; sourceTree = "<group>"; };
		94A8AF6C2256339B00B2CB18 /* ViewController.swift */ = {isa = PBXFileReference; lastKnownFileType = sourcecode.swift; path = ViewController.swift; sourceTree = "<group>"; };
		94A8AF6F2256339B00B2CB18 /* Base */ = {isa = PBXFileReference; lastKnownFileType = file.storyboard; name = Base; path = Base.lproj/Main.storyboard; sourceTree = "<group>"; };
		94A8AF712256339B00B2CB18 /* Assets.xcassets */ = {isa = PBXFileReference; lastKnownFileType = folder.assetcatalog; path = Assets.xcassets; sourceTree = "<group>"; };
		94A8AF742256339B00B2CB18 /* Base */ = {isa = PBXFileReference; lastKnownFileType = file.storyboard; name = Base; path = Base.lproj/LaunchScreen.storyboard; sourceTree = "<group>"; };
		94A8AF762256339B00B2CB18 /* Info.plist */ = {isa = PBXFileReference; lastKnownFileType = text.plist.xml; path = Info.plist; sourceTree = "<group>"; };
		94A8AF7B2256339B00B2CB18 /* Birthday Note TakerTests.xctest */ = {isa = PBXFileReference; explicitFileType = wrapper.cfbundle; includeInIndex = 0; path = "Birthday Note TakerTests.xctest"; sourceTree = BUILT_PRODUCTS_DIR; };
		94A8AF7F2256339B00B2CB18 /* Birthday_Note_TakerTests.swift */ = {isa = PBXFileReference; lastKnownFileType = sourcecode.swift; path = Birthday_Note_TakerTests.swift; sourceTree = "<group>"; };
		94A8AF812256339B00B2CB18 /* Info.plist */ = {isa = PBXFileReference; lastKnownFileType = text.plist.xml; path = Info.plist; sourceTree = "<group>"; };
		94A8AF862256339C00B2CB18 /* Birthday Note TakerUITests.xctest */ = {isa = PBXFileReference; explicitFileType = wrapper.cfbundle; includeInIndex = 0; path = "Birthday Note TakerUITests.xctest"; sourceTree = BUILT_PRODUCTS_DIR; };
		94A8AF8A2256339C00B2CB18 /* Birthday_Note_TakerUITests.swift */ = {isa = PBXFileReference; lastKnownFileType = sourcecode.swift; path = Birthday_Note_TakerUITests.swift; sourceTree = "<group>"; };
		94A8AF8C2256339C00B2CB18 /* Info.plist */ = {isa = PBXFileReference; lastKnownFileType = text.plist.xml; path = Info.plist; sourceTree = "<group>"; };
/* End PBXFileReference section */

/* Begin PBXFrameworksBuildPhase section */
		94A8AF642256339B00B2CB18 /* Frameworks */ = {
			isa = PBXFrameworksBuildPhase;
			buildActionMask = 2147483647;
			files = (
			);
			runOnlyForDeploymentPostprocessing = 0;
		};
		94A8AF782256339B00B2CB18 /* Frameworks */ = {
			isa = PBXFrameworksBuildPhase;
			buildActionMask = 2147483647;
			files = (
			);
			runOnlyForDeploymentPostprocessing = 0;
		};
		94A8AF832256339C00B2CB18 /* Frameworks */ = {
			isa = PBXFrameworksBuildPhase;
			buildActionMask = 2147483647;
			files = (
			);
			runOnlyForDeploymentPostprocessing = 0;
		};
/* End PBXFrameworksBuildPhase section */

/* Begin PBXGroup section */
		94A8AF5E2256339B00B2CB18 = {
			isa = PBXGroup;
			children = (
				94A8AF692256339B00B2CB18 /* Birthday Note Taker */,
				94A8AF7E2256339B00B2CB18 /* Birthday Note TakerTests */,
				94A8AF892256339C00B2CB18 /* Birthday Note TakerUITests */,
				94A8AF682256339B00B2CB18 /* Products */,
			);
			sourceTree = "<group>";
		};
		94A8AF682256339B00B2CB18 /* Products */ = {
			isa = PBXGroup;
			children = (
				94A8AF672256339B00B2CB18 /* Birthday Note Taker.app */,
				94A8AF7B2256339B00B2CB18 /* Birthday Note TakerTests.xctest */,
				94A8AF862256339C00B2CB18 /* Birthday Note TakerUITests.xctest */,
			);
			name = Products;
			sourceTree = "<group>";
		};
		94A8AF692256339B00B2CB18 /* Birthday Note Taker */ = {
			isa = PBXGroup;
			children = (
				94A8AF6A2256339B00B2CB18 /* AppDelegate.swift */,
				94A8AF6C2256339B00B2CB18 /* ViewController.swift */,
				94A8AF6E2256339B00B2CB18 /* Main.storyboard */,
				94A8AF712256339B00B2CB18 /* Assets.xcassets */,
				94A8AF732256339B00B2CB18 /* LaunchScreen.storyboard */,
				94A8AF762256339B00B2CB18 /* Info.plist */,
			);
			path = "Birthday Note Taker";
			sourceTree = "<group>";
		};
		94A8AF7E2256339B00B2CB18 /* Birthday Note TakerTests */ = {
			isa = PBXGroup;
			children = (
				94A8AF7F2256339B00B2CB18 /* Birthday_Note_TakerTests.swift */,
				94A8AF812256339B00B2CB18 /* Info.plist */,
			);
			path = "Birthday Note TakerTests";
			sourceTree = "<group>";
		};
		94A8AF892256339C00B2CB18 /* Birthday Note TakerUITests */ = {
			isa = PBXGroup;
			children = (
				94A8AF8A2256339C00B2CB18 /* Birthday_Note_TakerUITests.swift */,
				94A8AF8C2256339C00B2CB18 /* Info.plist */,
			);
			path = "Birthday Note TakerUITests";
			sourceTree = "<group>";
		};
/* End PBXGroup section */

/* Begin PBXNativeTarget section */
		94A8AF662256339B00B2CB18 /* Birthday Note Taker */ = {
			isa = PBXNativeTarget;
			buildConfigurationList = 94A8AF8F2256339C00B2CB18 /* Build configuration list for PBXNativeTarget "Birthday Note Taker" */;
			buildPhases = (
				94A8AF632256339B00B2CB18 /* Sources */,
				94A8AF642256339B00B2CB18 /* Frameworks */,
				94A8AF652256339B00B2CB18 /* Resources */,
			);
			buildRules = (
			);
			dependencies = (
			);
			name = "Birthday Note Taker";
			productName = "Birthday Note Taker";
			productReference = 94A8AF672256339B00B2CB18 /* Birthday Note Taker.app */;
			productType = "com.apple.product-type.application";
		};
		94A8AF7A2256339B00B2CB18 /* Birthday Note TakerTests */ = {
			isa = PBXNativeTarget;
			buildConfigurationList = 94A8AF922256339C00B2CB18 /* Build configuration list for PBXNativeTarget "Birthday Note TakerTests" */;
			buildPhases = (
				94A8AF772256339B00B2CB18 /* Sources */,
				94A8AF782256339B00B2CB18 /* Frameworks */,
				94A8AF792256339B00B2CB18 /* Resources */,
			);
			buildRules = (
			);
			dependencies = (
				94A8AF7D2256339B00B2CB18 /* PBXTargetDependency */,
			);
			name = "Birthday Note TakerTests";
			productName = "Birthday Note TakerTests";
			productReference = 94A8AF7B2256339B00B2CB18 /* Birthday Note TakerTests.xctest */;
			productType = "com.apple.product-type.bundle.unit-test";
		};
		94A8AF852256339C00B2CB18 /* Birthday Note TakerUITests */ = {
			isa = PBXNativeTarget;
			buildConfigurationList = 94A8AF952256339C00B2CB18 /* Build configuration list for PBXNativeTarget "Birthday Note TakerUITests" */;
			buildPhases = (
				94A8AF822256339C00B2CB18 /* Sources */,
				94A8AF832256339C00B2CB18 /* Frameworks */,
				94A8AF842256339C00B2CB18 /* Resources */,
			);
			buildRules = (
			);
			dependencies = (
				94A8AF882256339C00B2CB18 /* PBXTargetDependency */,
			);
			name = "Birthday Note TakerUITests";
			productName = "Birthday Note TakerUITests";
			productReference = 94A8AF862256339C00B2CB18 /* Birthday Note TakerUITests.xctest */;
			productType = "com.apple.product-type.bundle.ui-testing";
		};
/* End PBXNativeTarget section */

/* Begin PBXProject section */
		94A8AF5F2256339B00B2CB18 /* Project object */ = {
			isa = PBXProject;
			attributes = {
				LastSwiftUpdateCheck = 0830;
				LastUpgradeCheck = 0830;
				ORGANIZATIONNAME = "Peter Jenkin";
				TargetAttributes = {
					94A8AF662256339B00B2CB18 = {
						CreatedOnToolsVersion = 8.3;
						ProvisioningStyle = Automatic;
					};
					94A8AF7A2256339B00B2CB18 = {
						CreatedOnToolsVersion = 8.3;
						ProvisioningStyle = Automatic;
						TestTargetID = 94A8AF662256339B00B2CB18;
					};
					94A8AF852256339C00B2CB18 = {
						CreatedOnToolsVersion = 8.3;
						ProvisioningStyle = Automatic;
						TestTargetID = 94A8AF662256339B00B2CB18;
					};
				};
			};
			buildConfigurationList = 94A8AF622256339B00B2CB18 /* Build configuration list for PBXProject "Birthday Note Taker" */;
			compatibilityVersion = "Xcode 3.2";
			developmentRegion = English;
			hasScannedForEncodings = 0;
			knownRegions = (
				en,
				Base,
			);
			mainGroup = 94A8AF5E2256339B00B2CB18;
			productRefGroup = 94A8AF682256339B00B2CB18 /* Products */;
			projectDirPath = "";
			projectRoot = "";
			targets = (
				94A8AF662256339B00B2CB18 /* Birthday Note Taker */,
				94A8AF7A2256339B00B2CB18 /* Birthday Note TakerTests */,
				94A8AF852256339C00B2CB18 /* Birthday Note TakerUITests */,
			);
		};
/* End PBXProject section */

/* Begin PBXResourcesBuildPhase section */
		94A8AF652256339B00B2CB18 /* Resources */ = {
			isa = PBXResourcesBuildPhase;
			buildActionMask = 2147483647;
			files = (
				94A8AF752256339B00B2CB18 /* LaunchScreen.storyboard in Resources */,
				94A8AF722256339B00B2CB18 /* Assets.xcassets in Resources */,
				94A8AF702256339B00B2CB18 /* Main.storyboard in Resources */,
			);
			runOnlyForDeploymentPostprocessing = 0;
		};
		94A8AF792256339B00B2CB18 /* Resources */ = {
			isa = PBXResourcesBuildPhase;
			buildActionMask = 2147483647;
			files = (
			);
			runOnlyForDeploymentPostprocessing = 0;
		};
		94A8AF842256339C00B2CB18 /* Resources */ = {
			isa = PBXResourcesBuildPhase;
			buildActionMask = 2147483647;
			files = (
			);
			runOnlyForDeploymentPostprocessing = 0;
		};
/* End PBXResourcesBuildPhase section */

/* Begin PBXSourcesBuildPhase section */
		94A8AF632256339B00B2CB18 /* Sources */ = {
			isa = PBXSourcesBuildPhase;
			buildActionMask = 2147483647;
			files = (
				94A8AF6D2256339B00B2CB18 /* ViewController.swift in Sources */,
				94A8AF6B2256339B00B2CB18 /* AppDelegate.swift in Sources */,
			);
			runOnlyForDeploymentPostprocessing = 0;
		};
		94A8AF772256339B00B2CB18 /* Sources */ = {
			isa = PBXSourcesBuildPhase;
			buildActionMask = 2147483647;
			files = (
				94A8AF802256339B00B2CB18 /* Birthday_Note_TakerTests.swift in Sources */,
			);
			runOnlyForDeploymentPostprocessing = 0;
		};
		94A8AF822256339C00B2CB18 /* Sources */ = {
			isa = PBXSourcesBuildPhase;
			buildActionMask = 2147483647;
			files = (
				94A8AF8B2256339C00B2CB18 /* Birthday_Note_TakerUITests.swift in Sources */,
			);
			runOnlyForDeploymentPostprocessing = 0;
		};
/* End PBXSourcesBuildPhase section */

/* Begin PBXTargetDependency section */
		94A8AF7D2256339B00B2CB18 /* PBXTargetDependency */ = {
			isa = PBXTargetDependency;
			target = 94A8AF662256339B00B2CB18 /* Birthday Note Taker */;
			targetProxy = 94A8AF7C2256339B00B2CB18 /* PBXContainerItemProxy */;
		};
		94A8AF882256339C00B2CB18 /* PBXTargetDependency */ = {
			isa = PBXTargetDependency;
			target = 94A8AF662256339B00B2CB18 /* Birthday Note Taker */;
			targetProxy = 94A8AF872256339C00B2CB18 /* PBXContainerItemProxy */;
		};
/* End PBXTargetDependency section */

/* Begin PBXVariantGroup section */
		94A8AF6E2256339B00B2CB18 /* Main.storyboard */ = {
			isa = PBXVariantGroup;
			children = (
				94A8AF6F2256339B00B2CB18 /* Base */,
			);
			name = Main.storyboard;
			sourceTree = "<group>";
		};
		94A8AF732256339B00B2CB18 /* LaunchScreen.storyboard */ = {
			isa = PBXVariantGroup;
			children = (
				94A8AF742256339B00B2CB18 /* Base */,
			);
			name = LaunchScreen.storyboard;
			sourceTree = "<group>";
		};
/* End PBXVariantGroup section */

/* Begin XCBuildConfiguration section */
		94A8AF8D2256339C00B2CB18 /* Debug */ = {
			isa = XCBuildConfiguration;
			buildSettings = {
				ALWAYS_SEARCH_USER_PATHS = NO;
				CLANG_ANALYZER_NONNULL = YES;
				CLANG_ANALYZER_NUMBER_OBJECT_CONVERSION = YES_AGGRESSIVE;
				CLANG_CXX_LANGUAGE_STANDARD = "gnu++0x";
				CLANG_CXX_LIBRARY = "libc++";
				CLANG_ENABLE_MODULES = YES;
				CLANG_ENABLE_OBJC_ARC = YES;
				CLANG_WARN_BOOL_CONVERSION = YES;
				CLANG_WARN_CONSTANT_CONVERSION = YES;
				CLANG_WARN_DIRECT_OBJC_ISA_USAGE = YES_ERROR;
				CLANG_WARN_DOCUMENTATION_COMMENTS = YES;
				CLANG_WARN_EMPTY_BODY = YES;
				CLANG_WARN_ENUM_CONVERSION = YES;
				CLANG_WARN_INFINITE_RECURSION = YES;
				CLANG_WARN_INT_CONVERSION = YES;
				CLANG_WARN_OBJC_ROOT_CLASS = YES_ERROR;
				CLANG_WARN_SUSPICIOUS_MOVE = YES;
				CLANG_WARN_UNREACHABLE_CODE = YES;
				CLANG_WARN__DUPLICATE_METHOD_MATCH = YES;
				"CODE_SIGN_IDENTITY[sdk=iphoneos*]" = "iPhone Developer";
				COPY_PHASE_STRIP = NO;
				DEBUG_INFORMATION_FORMAT = dwarf;
				ENABLE_STRICT_OBJC_MSGSEND = YES;
				ENABLE_TESTABILITY = YES;
				GCC_C_LANGUAGE_STANDARD = gnu99;
				GCC_DYNAMIC_NO_PIC = NO;
				GCC_NO_COMMON_BLOCKS = YES;
				GCC_OPTIMIZATION_LEVEL = 0;
				GCC_PREPROCESSOR_DEFINITIONS = (
					"DEBUG=1",
					"$(inherited)",
				);
				GCC_WARN_64_TO_32_BIT_CONVERSION = YES;
				GCC_WARN_ABOUT_RETURN_TYPE = YES_ERROR;
				GCC_WARN_UNDECLARED_SELECTOR = YES;
				GCC_WARN_UNINITIALIZED_AUTOS = YES_AGGRESSIVE;
				GCC_WARN_UNUSED_FUNCTION = YES;
				GCC_WARN_UNUSED_VARIABLE = YES;
				IPHONEOS_DEPLOYMENT_TARGET = 10.3;
				MTL_ENABLE_DEBUG_INFO = YES;
				ONLY_ACTIVE_ARCH = YES;
				SDKROOT = iphoneos;
				SWIFT_ACTIVE_COMPILATION_CONDITIONS = DEBUG;
				SWIFT_OPTIMIZATION_LEVEL = "-Onone";
				TARGETED_DEVICE_FAMILY = "1,2";
			};
			name = Debug;
		};
		94A8AF8E2256339C00B2CB18 /* Release */ = {
			isa = XCBuildConfiguration;
			buildSettings = {
				ALWAYS_SEARCH_USER_PATHS = NO;
				CLANG_ANALYZER_NONNULL = YES;
				CLANG_ANALYZER_NUMBER_OBJECT_CONVERSION = YES_AGGRESSIVE;
				CLANG_CXX_LANGUAGE_STANDARD = "gnu++0x";
				CLANG_CXX_LIBRARY = "libc++";
				CLANG_ENABLE_MODULES = YES;
				CLANG_ENABLE_OBJC_ARC = YES;
				CLANG_WARN_BOOL_CONVERSION = YES;
				CLANG_WARN_CONSTANT_CONVERSION = YES;
				CLANG_WARN_DIRECT_OBJC_ISA_USAGE = YES_ERROR;
				CLANG_WARN_DOCUMENTATION_COMMENTS = YES;
				CLANG_WARN_EMPTY_BODY = YES;
				CLANG_WARN_ENUM_CONVERSION = YES;
				CLANG_WARN_INFINITE_RECURSION = YES;
				CLANG_WARN_INT_CONVERSION = YES;
				CLANG_WARN_OBJC_ROOT_CLASS = YES_ERROR;
				CLANG_WARN_SUSPICIOUS_MOVE = YES;
				CLANG_WARN_UNREACHABLE_CODE = YES;
				CLANG_WARN__DUPLICATE_METHOD_MATCH = YES;
				"CODE_SIGN_IDENTITY[sdk=iphoneos*]" = "iPhone Developer";
				COPY_PHASE_STRIP = NO;
				DEBUG_INFORMATION_FORMAT = "dwarf-with-dsym";
				ENABLE_NS_ASSERTIONS = NO;
				ENABLE_STRICT_OBJC_MSGSEND = YES;
				GCC_C_LANGUAGE_STANDARD = gnu99;
				GCC_NO_COMMON_BLOCKS = YES;
				GCC_WARN_64_TO_32_BIT_CONVERSION = YES;
				GCC_WARN_ABOUT_RETURN_TYPE = YES_ERROR;
				GCC_WARN_UNDECLARED_SELECTOR = YES;
				GCC_WARN_UNINITIALIZED_AUTOS = YES_AGGRESSIVE;
				GCC_WARN_UNUSED_FUNCTION = YES;
				GCC_WARN_UNUSED_VARIABLE = YES;
				IPHONEOS_DEPLOYMENT_TARGET = 10.3;
				MTL_ENABLE_DEBUG_INFO = NO;
				SDKROOT = iphoneos;
				SWIFT_OPTIMIZATION_LEVEL = "-Owholemodule";
				TARGETED_DEVICE_FAMILY = "1,2";
				VALIDATE_PRODUCT = YES;
			};
			name = Release;
		};
		94A8AF902256339C00B2CB18 /* Debug */ = {
			isa = XCBuildConfiguration;
			buildSettings = {
				ASSETCATALOG_COMPILER_APPICON_NAME = AppIcon;
				INFOPLIST_FILE = "Birthday Note Taker/Info.plist";
				LD_RUNPATH_SEARCH_PATHS = "$(inherited) @executable_path/Frameworks";
				PRODUCT_BUNDLE_IDENTIFIER = "com.peternjenkin.Birthday-Note-Taker";
				PRODUCT_NAME = "$(TARGET_NAME)";
				SWIFT_VERSION = 3.0;
			};
			name = Debug;
		};
		94A8AF912256339C00B2CB18 /* Release */ = {
			isa = XCBuildConfiguration;
			buildSettings = {
				ASSETCATALOG_COMPILER_APPICON_NAME = AppIcon;
				INFOPLIST_FILE = "Birthday Note Taker/Info.plist";
				LD_RUNPATH_SEARCH_PATHS = "$(inherited) @executable_path/Frameworks";
				PRODUCT_BUNDLE_IDENTIFIER = "com.peternjenkin.Birthday-Note-Taker";
				PRODUCT_NAME = "$(TARGET_NAME)";
				SWIFT_VERSION = 3.0;
			};
			name = Release;
		};
		94A8AF932256339C00B2CB18 /* Debug */ = {
			isa = XCBuildConfiguration;
			buildSettings = {
				ALWAYS_EMBED_SWIFT_STANDARD_LIBRARIES = YES;
				BUNDLE_LOADER = "$(TEST_HOST)";
				INFOPLIST_FILE = "Birthday Note TakerTests/Info.plist";
				LD_RUNPATH_SEARCH_PATHS = "$(inherited) @executable_path/Frameworks @loader_path/Frameworks";
				PRODUCT_BUNDLE_IDENTIFIER = "com.peternjenkin.Birthday-Note-TakerTests";
				PRODUCT_NAME = "$(TARGET_NAME)";
				SWIFT_VERSION = 3.0;
				TEST_HOST = "$(BUILT_PRODUCTS_DIR)/Birthday Note Taker.app/Birthday Note Taker";
			};
			name = Debug;
		};
		94A8AF942256339C00B2CB18 /* Release */ = {
			isa = XCBuildConfiguration;
			buildSettings = {
				ALWAYS_EMBED_SWIFT_STANDARD_LIBRARIES = YES;
				BUNDLE_LOADER = "$(TEST_HOST)";
				INFOPLIST_FILE = "Birthday Note TakerTests/Info.plist";
				LD_RUNPATH_SEARCH_PATHS = "$(inherited) @executable_path/Frameworks @loader_path/Frameworks";
				PRODUCT_BUNDLE_IDENTIFIER = "com.peternjenkin.Birthday-Note-TakerTests";
				PRODUCT_NAME = "$(TARGET_NAME)";
				SWIFT_VERSION = 3.0;
				TEST_HOST = "$(BUILT_PRODUCTS_DIR)/Birthday Note Taker.app/Birthday Note Taker";
			};
			name = Release;
		};
		94A8AF962256339C00B2CB18 /* Debug */ = {
			isa = XCBuildConfiguration;
			buildSettings = {
				ALWAYS_EMBED_SWIFT_STANDARD_LIBRARIES = YES;
				INFOPLIST_FILE = "Birthday Note TakerUITests/Info.plist";
				LD_RUNPATH_SEARCH_PATHS = "$(inherited) @executable_path/Frameworks @loader_path/Frameworks";
				PRODUCT_BUNDLE_IDENTIFIER = "com.peternjenkin.Birthday-Note-TakerUITests";
				PRODUCT_NAME = "$(TARGET_NAME)";
				SWIFT_VERSION = 3.0;
				TEST_TARGET_NAME = "Birthday Note Taker";
			};
			name = Debug;
		};
		94A8AF972256339C00B2CB18 /* Release */ = {
			isa = XCBuildConfiguration;
			buildSettings = {
				ALWAYS_EMBED_SWIFT_STANDARD_LIBRARIES = YES;
				INFOPLIST_FILE = "Birthday Note TakerUITests/Info.plist";
				LD_RUNPATH_SEARCH_PATHS = "$(inherited) @executable_path/Frameworks @loader_path/Frameworks";
				PRODUCT_BUNDLE_IDENTIFIER = "com.peternjenkin.Birthday-Note-TakerUITests";
				PRODUCT_NAME = "$(TARGET_NAME)";
				SWIFT_VERSION = 3.0;
				TEST_TARGET_NAME = "Birthday Note Taker";
			};
			name = Release;
		};
/* End XCBuildConfiguration section */

/* Begin XCConfigurationList section */
		94A8AF622256339B00B2CB18 /* Build configuration list for PBXProject "Birthday Note Taker" */ = {
			isa = XCConfigurationList;
			buildConfigurations = (
				94A8AF8D2256339C00B2CB18 /* Debug */,
				94A8AF8E2256339C00B2CB18 /* Release */,
			);
			defaultConfigurationIsVisible = 0;
			defaultConfigurationName = Release;
		};
		94A8AF8F2256339C00B2CB18 /* Build configuration list for PBXNativeTarget "Birthday Note Taker" */ = {
			isa = XCConfigurationList;
			buildConfigurations = (
				94A8AF902256339C00B2CB18 /* Debug */,
				94A8AF912256339C00B2CB18 /* Release */,
			);
			defaultConfigurationIsVisible = 0;
		};
		94A8AF922256339C00B2CB18 /* Build configuration list for PBXNativeTarget "Birthday Note TakerTests" */ = {
			isa = XCConfigurationList;
			buildConfigurations = (
				94A8AF932256339C00B2CB18 /* Debug */,
				94A8AF942256339C00B2CB18 /* Release */,
			);
			defaultConfigurationIsVisible = 0;
		};
		94A8AF952256339C00B2CB18 /* Build configuration list for PBXNativeTarget "Birthday Note TakerUITests" */ = {
			isa = XCConfigurationList;
			buildConfigurations = (
				94A8AF962256339C00B2CB18 /* Debug */,
				94A8AF972256339C00B2CB18 /* Release */,
			);
			defaultConfigurationIsVisible = 0;
		};
/* End XCConfigurationList section */
	};
	rootObject = 94A8AF5F2256339B00B2CB18 /* Project object */;
}
