// !$*UTF8*$!
{
	archiveVersion = 1;
	classes = {
	};
	objectVersion = 46;
	objects = {

/* Begin PBXBuildFile section */
		94A8AFA52256519A00B2CB18 /* AppDelegate.swift in Sources */ = {isa = PBXBuildFile; fileRef = 94A8AFA42256519A00B2CB18 /* AppDelegate.swift */; };
		94A8AFA72256519A00B2CB18 /* ViewController.swift in Sources */ = {isa = PBXBuildFile; fileRef = 94A8AFA62256519A00B2CB18 /* ViewController.swift */; };
		94A8AFAA2256519A00B2CB18 /* Main.storyboard in Resources */ = {isa = PBXBuildFile; fileRef = 94A8AFA82256519A00B2CB18 /* Main.storyboard */; };
		94A8AFAC2256519A00B2CB18 /* Assets.xcassets in Resources */ = {isa = PBXBuildFile; fileRef = 94A8AFAB2256519A00B2CB18 /* Assets.xcassets */; };
		94A8AFAF2256519A00B2CB18 /* LaunchScreen.storyboard in Resources */ = {isa = PBXBuildFile; fileRef = 94A8AFAD2256519A00B2CB18 /* LaunchScreen.storyboard */; };
		94A8AFBA2256519A00B2CB18 /* SeguesTests.swift in Sources */ = {isa = PBXBuildFile; fileRef = 94A8AFB92256519A00B2CB18 /* SeguesTests.swift */; };
		94A8AFC52256519A00B2CB18 /* SeguesUITests.swift in Sources */ = {isa = PBXBuildFile; fileRef = 94A8AFC42256519A00B2CB18 /* SeguesUITests.swift */; };
		94A8AFD32256573C00B2CB18 /* SecondViewController.swift in Sources */ = {isa = PBXBuildFile; fileRef = 94A8AFD22256573C00B2CB18 /* SecondViewController.swift */; };
/* End PBXBuildFile section */

/* Begin PBXContainerItemProxy section */
		94A8AFB62256519A00B2CB18 /* PBXContainerItemProxy */ = {
			isa = PBXContainerItemProxy;
			containerPortal = 94A8AF992256519A00B2CB18 /* Project object */;
			proxyType = 1;
			remoteGlobalIDString = 94A8AFA02256519A00B2CB18;
			remoteInfo = Segues;
		};
		94A8AFC12256519A00B2CB18 /* PBXContainerItemProxy */ = {
			isa = PBXContainerItemProxy;
			containerPortal = 94A8AF992256519A00B2CB18 /* Project object */;
			proxyType = 1;
			remoteGlobalIDString = 94A8AFA02256519A00B2CB18;
			remoteInfo = Segues;
		};
/* End PBXContainerItemProxy section */

/* Begin PBXFileReference section */
		94A8AFA12256519A00B2CB18 /* Segues.app */ = {isa = PBXFileReference; explicitFileType = wrapper.application; includeInIndex = 0; path = Segues.app; sourceTree = BUILT_PRODUCTS_DIR; };
		94A8AFA42256519A00B2CB18 /* AppDelegate.swift */ = {isa = PBXFileReference; lastKnownFileType = sourcecode.swift; path = AppDelegate.swift; sourceTree = "<group>"; };
		94A8AFA62256519A00B2CB18 /* ViewController.swift */ = {isa = PBXFileReference; lastKnownFileType = sourcecode.swift; path = ViewController.swift; sourceTree = "<group>"; };
		94A8AFA92256519A00B2CB18 /* Base */ = {isa = PBXFileReference; lastKnownFileType = file.storyboard; name = Base; path = Base.lproj/Main.storyboard; sourceTree = "<group>"; };
		94A8AFAB2256519A00B2CB18 /* Assets.xcassets */ = {isa = PBXFileReference; lastKnownFileType = folder.assetcatalog; path = Assets.xcassets; sourceTree = "<group>"; };
		94A8AFAE2256519A00B2CB18 /* Base */ = {isa = PBXFileReference; lastKnownFileType = file.storyboard; name = Base; path = Base.lproj/LaunchScreen.storyboard; sourceTree = "<group>"; };
		94A8AFB02256519A00B2CB18 /* Info.plist */ = {isa = PBXFileReference; lastKnownFileType = text.plist.xml; path = Info.plist; sourceTree = "<group>"; };
		94A8AFB52256519A00B2CB18 /* SeguesTests.xctest */ = {isa = PBXFileReference; explicitFileType = wrapper.cfbundle; includeInIndex = 0; path = SeguesTests.xctest; sourceTree = BUILT_PRODUCTS_DIR; };
		94A8AFB92256519A00B2CB18 /* SeguesTests.swift */ = {isa = PBXFileReference; lastKnownFileType = sourcecode.swift; path = SeguesTests.swift; sourceTree = "<group>"; };
		94A8AFBB2256519A00B2CB18 /* Info.plist */ = {isa = PBXFileReference; lastKnownFileType = text.plist.xml; path = Info.plist; sourceTree = "<group>"; };
		94A8AFC02256519A00B2CB18 /* SeguesUITests.xctest */ = {isa = PBXFileReference; explicitFileType = wrapper.cfbundle; includeInIndex = 0; path = SeguesUITests.xctest; sourceTree = BUILT_PRODUCTS_DIR; };
		94A8AFC42256519A00B2CB18 /* SeguesUITests.swift */ = {isa = PBXFileReference; lastKnownFileType = sourcecode.swift; path = SeguesUITests.swift; sourceTree = "<group>"; };
		94A8AFC62256519A00B2CB18 /* Info.plist */ = {isa = PBXFileReference; lastKnownFileType = text.plist.xml; path = Info.plist; sourceTree = "<group>"; };
		94A8AFD22256573C00B2CB18 /* SecondViewController.swift */ = {isa = PBXFileReference; fileEncoding = 4; lastKnownFileType = sourcecode.swift; path = SecondViewController.swift; sourceTree = "<group>"; };
/* End PBXFileReference section */

/* Begin PBXFrameworksBuildPhase section */
		94A8AF9E2256519A00B2CB18 /* Frameworks */ = {
			isa = PBXFrameworksBuildPhase;
			buildActionMask = 2147483647;
			files = (
			);
			runOnlyForDeploymentPostprocessing = 0;
		};
		94A8AFB22256519A00B2CB18 /* Frameworks */ = {
			isa = PBXFrameworksBuildPhase;
			buildActionMask = 2147483647;
			files = (
			);
			runOnlyForDeploymentPostprocessing = 0;
		};
		94A8AFBD2256519A00B2CB18 /* Frameworks */ = {
			isa = PBXFrameworksBuildPhase;
			buildActionMask = 2147483647;
			files = (
			);
			runOnlyForDeploymentPostprocessing = 0;
		};
/* End PBXFrameworksBuildPhase section */

/* Begin PBXGroup section */
		94A8AF982256519A00B2CB18 = {
			isa = PBXGroup;
			children = (
				94A8AFA32256519A00B2CB18 /* Segues */,
				94A8AFB82256519A00B2CB18 /* SeguesTests */,
				94A8AFC32256519A00B2CB18 /* SeguesUITests */,
				94A8AFA22256519A00B2CB18 /* Products */,
			);
			sourceTree = "<group>";
		};
		94A8AFA22256519A00B2CB18 /* Products */ = {
			isa = PBXGroup;
			children = (
				94A8AFA12256519A00B2CB18 /* Segues.app */,
				94A8AFB52256519A00B2CB18 /* SeguesTests.xctest */,
				94A8AFC02256519A00B2CB18 /* SeguesUITests.xctest */,
			);
			name = Products;
			sourceTree = "<group>";
		};
		94A8AFA32256519A00B2CB18 /* Segues */ = {
			isa = PBXGroup;
			children = (
				94A8AFA42256519A00B2CB18 /* AppDelegate.swift */,
				94A8AFA62256519A00B2CB18 /* ViewController.swift */,
				94A8AFA82256519A00B2CB18 /* Main.storyboard */,
				94A8AFD22256573C00B2CB18 /* SecondViewController.swift */,
				94A8AFAB2256519A00B2CB18 /* Assets.xcassets */,
				94A8AFAD2256519A00B2CB18 /* LaunchScreen.storyboard */,
				94A8AFB02256519A00B2CB18 /* Info.plist */,
			);
			path = Segues;
			sourceTree = "<group>";
		};
		94A8AFB82256519A00B2CB18 /* SeguesTests */ = {
			isa = PBXGroup;
			children = (
				94A8AFB92256519A00B2CB18 /* SeguesTests.swift */,
				94A8AFBB2256519A00B2CB18 /* Info.plist */,
			);
			path = SeguesTests;
			sourceTree = "<group>";
		};
		94A8AFC32256519A00B2CB18 /* SeguesUITests */ = {
			isa = PBXGroup;
			children = (
				94A8AFC42256519A00B2CB18 /* SeguesUITests.swift */,
				94A8AFC62256519A00B2CB18 /* Info.plist */,
			);
			path = SeguesUITests;
			sourceTree = "<group>";
		};
/* End PBXGroup section */

/* Begin PBXNativeTarget section */
		94A8AFA02256519A00B2CB18 /* Segues */ = {
			isa = PBXNativeTarget;
			buildConfigurationList = 94A8AFC92256519A00B2CB18 /* Build configuration list for PBXNativeTarget "Segues" */;
			buildPhases = (
				94A8AF9D2256519A00B2CB18 /* Sources */,
				94A8AF9E2256519A00B2CB18 /* Frameworks */,
				94A8AF9F2256519A00B2CB18 /* Resources */,
			);
			buildRules = (
			);
			dependencies = (
			);
			name = Segues;
			productName = Segues;
			productReference = 94A8AFA12256519A00B2CB18 /* Segues.app */;
			productType = "com.apple.product-type.application";
		};
		94A8AFB42256519A00B2CB18 /* SeguesTests */ = {
			isa = PBXNativeTarget;
			buildConfigurationList = 94A8AFCC2256519A00B2CB18 /* Build configuration list for PBXNativeTarget "SeguesTests" */;
			buildPhases = (
				94A8AFB12256519A00B2CB18 /* Sources */,
				94A8AFB22256519A00B2CB18 /* Frameworks */,
				94A8AFB32256519A00B2CB18 /* Resources */,
			);
			buildRules = (
			);
			dependencies = (
				94A8AFB72256519A00B2CB18 /* PBXTargetDependency */,
			);
			name = SeguesTests;
			productName = SeguesTests;
			productReference = 94A8AFB52256519A00B2CB18 /* SeguesTests.xctest */;
			productType = "com.apple.product-type.bundle.unit-test";
		};
		94A8AFBF2256519A00B2CB18 /* SeguesUITests */ = {
			isa = PBXNativeTarget;
			buildConfigurationList = 94A8AFCF2256519A00B2CB18 /* Build configuration list for PBXNativeTarget "SeguesUITests" */;
			buildPhases = (
				94A8AFBC2256519A00B2CB18 /* Sources */,
				94A8AFBD2256519A00B2CB18 /* Frameworks */,
				94A8AFBE2256519A00B2CB18 /* Resources */,
			);
			buildRules = (
			);
			dependencies = (
				94A8AFC22256519A00B2CB18 /* PBXTargetDependency */,
			);
			name = SeguesUITests;
			productName = SeguesUITests;
			productReference = 94A8AFC02256519A00B2CB18 /* SeguesUITests.xctest */;
			productType = "com.apple.product-type.bundle.ui-testing";
		};
/* End PBXNativeTarget section */

/* Begin PBXProject section */
		94A8AF992256519A00B2CB18 /* Project object */ = {
			isa = PBXProject;
			attributes = {
				LastSwiftUpdateCheck = 0830;
				LastUpgradeCheck = 0830;
				ORGANIZATIONNAME = "Peter Jenkin";
				TargetAttributes = {
					94A8AFA02256519A00B2CB18 = {
						CreatedOnToolsVersion = 8.3;
						ProvisioningStyle = Automatic;
					};
					94A8AFB42256519A00B2CB18 = {
						CreatedOnToolsVersion = 8.3;
						ProvisioningStyle = Automatic;
						TestTargetID = 94A8AFA02256519A00B2CB18;
					};
					94A8AFBF2256519A00B2CB18 = {
						CreatedOnToolsVersion = 8.3;
						ProvisioningStyle = Automatic;
						TestTargetID = 94A8AFA02256519A00B2CB18;
					};
				};
			};
			buildConfigurationList = 94A8AF9C2256519A00B2CB18 /* Build configuration list for PBXProject "Segues" */;
			compatibilityVersion = "Xcode 3.2";
			developmentRegion = English;
			hasScannedForEncodings = 0;
			knownRegions = (
				en,
				Base,
			);
			mainGroup = 94A8AF982256519A00B2CB18;
			productRefGroup = 94A8AFA22256519A00B2CB18 /* Products */;
			projectDirPath = "";
			projectRoot = "";
			targets = (
				94A8AFA02256519A00B2CB18 /* Segues */,
				94A8AFB42256519A00B2CB18 /* SeguesTests */,
				94A8AFBF2256519A00B2CB18 /* SeguesUITests */,
			);
		};
/* End PBXProject section */

/* Begin PBXResourcesBuildPhase section */
		94A8AF9F2256519A00B2CB18 /* Resources */ = {
			isa = PBXResourcesBuildPhase;
			buildActionMask = 2147483647;
			files = (
				94A8AFAF2256519A00B2CB18 /* LaunchScreen.storyboard in Resources */,
				94A8AFAC2256519A00B2CB18 /* Assets.xcassets in Resources */,
				94A8AFAA2256519A00B2CB18 /* Main.storyboard in Resources */,
			);
			runOnlyForDeploymentPostprocessing = 0;
		};
		94A8AFB32256519A00B2CB18 /* Resources */ = {
			isa = PBXResourcesBuildPhase;
			buildActionMask = 2147483647;
			files = (
			);
			runOnlyForDeploymentPostprocessing = 0;
		};
		94A8AFBE2256519A00B2CB18 /* Resources */ = {
			isa = PBXResourcesBuildPhase;
			buildActionMask = 2147483647;
			files = (
			);
			runOnlyForDeploymentPostprocessing = 0;
		};
/* End PBXResourcesBuildPhase section */

/* Begin PBXSourcesBuildPhase section */
		94A8AF9D2256519A00B2CB18 /* Sources */ = {
			isa = PBXSourcesBuildPhase;
			buildActionMask = 2147483647;
			files = (
				94A8AFD32256573C00B2CB18 /* SecondViewController.swift in Sources */,
				94A8AFA72256519A00B2CB18 /* ViewController.swift in Sources */,
				94A8AFA52256519A00B2CB18 /* AppDelegate.swift in Sources */,
			);
			runOnlyForDeploymentPostprocessing = 0;
		};
		94A8AFB12256519A00B2CB18 /* Sources */ = {
			isa = PBXSourcesBuildPhase;
			buildActionMask = 2147483647;
			files = (
				94A8AFBA2256519A00B2CB18 /* SeguesTests.swift in Sources */,
			);
			runOnlyForDeploymentPostprocessing = 0;
		};
		94A8AFBC2256519A00B2CB18 /* Sources */ = {
			isa = PBXSourcesBuildPhase;
			buildActionMask = 2147483647;
			files = (
				94A8AFC52256519A00B2CB18 /* SeguesUITests.swift in Sources */,
			);
			runOnlyForDeploymentPostprocessing = 0;
		};
/* End PBXSourcesBuildPhase section */

/* Begin PBXTargetDependency section */
		94A8AFB72256519A00B2CB18 /* PBXTargetDependency */ = {
			isa = PBXTargetDependency;
			target = 94A8AFA02256519A00B2CB18 /* Segues */;
			targetProxy = 94A8AFB62256519A00B2CB18 /* PBXContainerItemProxy */;
		};
		94A8AFC22256519A00B2CB18 /* PBXTargetDependency */ = {
			isa = PBXTargetDependency;
			target = 94A8AFA02256519A00B2CB18 /* Segues */;
			targetProxy = 94A8AFC12256519A00B2CB18 /* PBXContainerItemProxy */;
		};
/* End PBXTargetDependency section */

/* Begin PBXVariantGroup section */
		94A8AFA82256519A00B2CB18 /* Main.storyboard */ = {
			isa = PBXVariantGroup;
			children = (
				94A8AFA92256519A00B2CB18 /* Base */,
			);
			name = Main.storyboard;
			sourceTree = "<group>";
		};
		94A8AFAD2256519A00B2CB18 /* LaunchScreen.storyboard */ = {
			isa = PBXVariantGroup;
			children = (
				94A8AFAE2256519A00B2CB18 /* Base */,
			);
			name = LaunchScreen.storyboard;
			sourceTree = "<group>";
		};
/* End PBXVariantGroup section */

/* Begin XCBuildConfiguration section */
		94A8AFC72256519A00B2CB18 /* Debug */ = {
			isa = XCBuildConfiguration;
			buildSettings = {
				ALWAYS_SEARCH_USER_PATHS = NO;
				CLANG_ANALYZER_NONNULL = YES;
				CLANG_ANALYZER_NUMBER_OBJECT_CONVERSION = YES_AGGRESSIVE;
				CLANG_CXX_LANGUAGE_STANDARD = "gnu++0x";
				CLANG_CXX_LIBRARY = "libc++";
				CLANG_ENABLE_MODULES = YES;
				CLANG_ENABLE_OBJC_ARC = YES;
				CLANG_WARN_BOOL_CONVERSION = YES;
				CLANG_WARN_CONSTANT_CONVERSION = YES;
				CLANG_WARN_DIRECT_OBJC_ISA_USAGE = YES_ERROR;
				CLANG_WARN_DOCUMENTATION_COMMENTS = YES;
				CLANG_WARN_EMPTY_BODY = YES;
				CLANG_WARN_ENUM_CONVERSION = YES;
				CLANG_WARN_INFINITE_RECURSION = YES;
				CLANG_WARN_INT_CONVERSION = YES;
				CLANG_WARN_OBJC_ROOT_CLASS = YES_ERROR;
				CLANG_WARN_SUSPICIOUS_MOVE = YES;
				CLANG_WARN_UNREACHABLE_CODE = YES;
				CLANG_WARN__DUPLICATE_METHOD_MATCH = YES;
				"CODE_SIGN_IDENTITY[sdk=iphoneos*]" = "iPhone Developer";
				COPY_PHASE_STRIP = NO;
				DEBUG_INFORMATION_FORMAT = dwarf;
				ENABLE_STRICT_OBJC_MSGSEND = YES;
				ENABLE_TESTABILITY = YES;
				GCC_C_LANGUAGE_STANDARD = gnu99;
				GCC_DYNAMIC_NO_PIC = NO;
				GCC_NO_COMMON_BLOCKS = YES;
				GCC_OPTIMIZATION_LEVEL = 0;
				GCC_PREPROCESSOR_DEFINITIONS = (
					"DEBUG=1",
					"$(inherited)",
				);
				GCC_WARN_64_TO_32_BIT_CONVERSION = YES;
				GCC_WARN_ABOUT_RETURN_TYPE = YES_ERROR;
				GCC_WARN_UNDECLARED_SELECTOR = YES;
				GCC_WARN_UNINITIALIZED_AUTOS = YES_AGGRESSIVE;
				GCC_WARN_UNUSED_FUNCTION = YES;
				GCC_WARN_UNUSED_VARIABLE = YES;
				IPHONEOS_DEPLOYMENT_TARGET = 10.3;
				MTL_ENABLE_DEBUG_INFO = YES;
				ONLY_ACTIVE_ARCH = YES;
				SDKROOT = iphoneos;
				SWIFT_ACTIVE_COMPILATION_CONDITIONS = DEBUG;
				SWIFT_OPTIMIZATION_LEVEL = "-Onone";
				TARGETED_DEVICE_FAMILY = "1,2";
			};
			name = Debug;
		};
		94A8AFC82256519A00B2CB18 /* Release */ = {
			isa = XCBuildConfiguration;
			buildSettings = {
				ALWAYS_SEARCH_USER_PATHS = NO;
				CLANG_ANALYZER_NONNULL = YES;
				CLANG_ANALYZER_NUMBER_OBJECT_CONVERSION = YES_AGGRESSIVE;
				CLANG_CXX_LANGUAGE_STANDARD = "gnu++0x";
				CLANG_CXX_LIBRARY = "libc++";
				CLANG_ENABLE_MODULES = YES;
				CLANG_ENABLE_OBJC_ARC = YES;
				CLANG_WARN_BOOL_CONVERSION = YES;
				CLANG_WARN_CONSTANT_CONVERSION = YES;
				CLANG_WARN_DIRECT_OBJC_ISA_USAGE = YES_ERROR;
				CLANG_WARN_DOCUMENTATION_COMMENTS = YES;
				CLANG_WARN_EMPTY_BODY = YES;
				CLANG_WARN_ENUM_CONVERSION = YES;
				CLANG_WARN_INFINITE_RECURSION = YES;
				CLANG_WARN_INT_CONVERSION = YES;
				CLANG_WARN_OBJC_ROOT_CLASS = YES_ERROR;
				CLANG_WARN_SUSPICIOUS_MOVE = YES;
				CLANG_WARN_UNREACHABLE_CODE = YES;
				CLANG_WARN__DUPLICATE_METHOD_MATCH = YES;
				"CODE_SIGN_IDENTITY[sdk=iphoneos*]" = "iPhone Developer";
				COPY_PHASE_STRIP = NO;
				DEBUG_INFORMATION_FORMAT = "dwarf-with-dsym";
				ENABLE_NS_ASSERTIONS = NO;
				ENABLE_STRICT_OBJC_MSGSEND = YES;
				GCC_C_LANGUAGE_STANDARD = gnu99;
				GCC_NO_COMMON_BLOCKS = YES;
				GCC_WARN_64_TO_32_BIT_CONVERSION = YES;
				GCC_WARN_ABOUT_RETURN_TYPE = YES_ERROR;
				GCC_WARN_UNDECLARED_SELECTOR = YES;
				GCC_WARN_UNINITIALIZED_AUTOS = YES_AGGRESSIVE;
				GCC_WARN_UNUSED_FUNCTION = YES;
				GCC_WARN_UNUSED_VARIABLE = YES;
				IPHONEOS_DEPLOYMENT_TARGET = 10.3;
				MTL_ENABLE_DEBUG_INFO = NO;
				SDKROOT = iphoneos;
				SWIFT_OPTIMIZATION_LEVEL = "-Owholemodule";
				TARGETED_DEVICE_FAMILY = "1,2";
				VALIDATE_PRODUCT = YES;
			};
			name = Release;
		};
		94A8AFCA2256519A00B2CB18 /* Debug */ = {
			isa = XCBuildConfiguration;
			buildSettings = {
				ASSETCATALOG_COMPILER_APPICON_NAME = AppIcon;
				INFOPLIST_FILE = Segues/Info.plist;
				LD_RUNPATH_SEARCH_PATHS = "$(inherited) @executable_path/Frameworks";
				PRODUCT_BUNDLE_IDENTIFIER = com.peternjenkin.Segues;
				PRODUCT_NAME = "$(TARGET_NAME)";
				SWIFT_VERSION = 3.0;
			};
			name = Debug;
		};
		94A8AFCB2256519A00B2CB18 /* Release */ = {
			isa = XCBuildConfiguration;
			buildSettings = {
				ASSETCATALOG_COMPILER_APPICON_NAME = AppIcon;
				INFOPLIST_FILE = Segues/Info.plist;
				LD_RUNPATH_SEARCH_PATHS = "$(inherited) @executable_path/Frameworks";
				PRODUCT_BUNDLE_IDENTIFIER = com.peternjenkin.Segues;
				PRODUCT_NAME = "$(TARGET_NAME)";
				SWIFT_VERSION = 3.0;
			};
			name = Release;
		};
		94A8AFCD2256519A00B2CB18 /* Debug */ = {
			isa = XCBuildConfiguration;
			buildSettings = {
				ALWAYS_EMBED_SWIFT_STANDARD_LIBRARIES = YES;
				BUNDLE_LOADER = "$(TEST_HOST)";
				INFOPLIST_FILE = SeguesTests/Info.plist;
				LD_RUNPATH_SEARCH_PATHS = "$(inherited) @executable_path/Frameworks @loader_path/Frameworks";
				PRODUCT_BUNDLE_IDENTIFIER = com.peternjenkin.SeguesTests;
				PRODUCT_NAME = "$(TARGET_NAME)";
				SWIFT_VERSION = 3.0;
				TEST_HOST = "$(BUILT_PRODUCTS_DIR)/Segues.app/Segues";
			};
			name = Debug;
		};
		94A8AFCE2256519A00B2CB18 /* Release */ = {
			isa = XCBuildConfiguration;
			buildSettings = {
				ALWAYS_EMBED_SWIFT_STANDARD_LIBRARIES = YES;
				BUNDLE_LOADER = "$(TEST_HOST)";
				INFOPLIST_FILE = SeguesTests/Info.plist;
				LD_RUNPATH_SEARCH_PATHS = "$(inherited) @executable_path/Frameworks @loader_path/Frameworks";
				PRODUCT_BUNDLE_IDENTIFIER = com.peternjenkin.SeguesTests;
				PRODUCT_NAME = "$(TARGET_NAME)";
				SWIFT_VERSION = 3.0;
				TEST_HOST = "$(BUILT_PRODUCTS_DIR)/Segues.app/Segues";
			};
			name = Release;
		};
		94A8AFD02256519A00B2CB18 /* Debug */ = {
			isa = XCBuildConfiguration;
			buildSettings = {
				ALWAYS_EMBED_SWIFT_STANDARD_LIBRARIES = YES;
				INFOPLIST_FILE = SeguesUITests/Info.plist;
				LD_RUNPATH_SEARCH_PATHS = "$(inherited) @executable_path/Frameworks @loader_path/Frameworks";
				PRODUCT_BUNDLE_IDENTIFIER = com.peternjenkin.SeguesUITests;
				PRODUCT_NAME = "$(TARGET_NAME)";
				SWIFT_VERSION = 3.0;
				TEST_TARGET_NAME = Segues;
			};
			name = Debug;
		};
		94A8AFD12256519A00B2CB18 /* Release */ = {
			isa = XCBuildConfiguration;
			buildSettings = {
				ALWAYS_EMBED_SWIFT_STANDARD_LIBRARIES = YES;
				INFOPLIST_FILE = SeguesUITests/Info.plist;
				LD_RUNPATH_SEARCH_PATHS = "$(inherited) @executable_path/Frameworks @loader_path/Frameworks";
				PRODUCT_BUNDLE_IDENTIFIER = com.peternjenkin.SeguesUITests;
				PRODUCT_NAME = "$(TARGET_NAME)";
				SWIFT_VERSION = 3.0;
				TEST_TARGET_NAME = Segues;
			};
			name = Release;
		};
/* End XCBuildConfiguration section */

/* Begin XCConfigurationList section */
		94A8AF9C2256519A00B2CB18 /* Build configuration list for PBXProject "Segues" */ = {
			isa = XCConfigurationList;
			buildConfigurations = (
				94A8AFC72256519A00B2CB18 /* Debug */,
				94A8AFC82256519A00B2CB18 /* Release */,
			);
			defaultConfigurationIsVisible = 0;
			defaultConfigurationName = Release;
		};
		94A8AFC92256519A00B2CB18 /* Build configuration list for PBXNativeTarget "Segues" */ = {
			isa = XCConfigurationList;
			buildConfigurations = (
				94A8AFCA2256519A00B2CB18 /* Debug */,
				94A8AFCB2256519A00B2CB18 /* Release */,
			);
			defaultConfigurationIsVisible = 0;
		};
		94A8AFCC2256519A00B2CB18 /* Build configuration list for PBXNativeTarget "SeguesTests" */ = {
			isa = XCConfigurationList;
			buildConfigurations = (
				94A8AFCD2256519A00B2CB18 /* Debug */,
				94A8AFCE2256519A00B2CB18 /* Release */,
			);
			defaultConfigurationIsVisible = 0;
		};
		94A8AFCF2256519A00B2CB18 /* Build configuration list for PBXNativeTarget "SeguesUITests" */ = {
			isa = XCConfigurationList;
			buildConfigurations = (
				94A8AFD02256519A00B2CB18 /* Debug */,
				94A8AFD12256519A00B2CB18 /* Release */,
			);
			defaultConfigurationIsVisible = 0;
		};
/* End XCConfigurationList section */
	};
	rootObject = 94A8AF992256519A00B2CB18 /* Project object */;
}
